
Microsoft Visual Studio Solution File, Format Version 12.00
# Visual Studio 15
VisualStudioVersion = 15.0.26228.13
MinimumVisualStudioVersion = 10.0.40219.1
Project("{FAE04EC0-301F-11D3-BF4B-00C04F79EFBC}") = "forms_realmdb.Android", "forms-realmdb\forms_realmdb.Android\forms_realmdb.Android.csproj", "{EEA8EF28-E3BD-4844-8A51-AE5EF9EB763C}"
EndProject
Project("{FAE04EC0-301F-11D3-BF4B-00C04F79EFBC}") = "forms_realmdb", "forms-realmdb\forms_realmdb\forms_realmdb.csproj", "{55C36DCE-D26D-4EA7-80C4-5F3BB445C516}"
EndProject
Global
	GlobalSection(SolutionConfigurationPlatforms) = preSolution
		Ad-Hoc|Any CPU = Ad-Hoc|Any CPU
		Ad-Hoc|iPhone = Ad-Hoc|iPhone
		Ad-Hoc|iPhoneSimulator = Ad-Hoc|iPhoneSimulator
		AppStore|Any CPU = AppStore|Any CPU
		AppStore|iPhone = AppStore|iPhone
		AppStore|iPhoneSimulator = AppStore|iPhoneSimulator
		Debug|Any CPU = Debug|Any CPU
		Debug|iPhone = Debug|iPhone
		Debug|iPhoneSimulator = Debug|iPhoneSimulator
		Release|Any CPU = Release|Any CPU
		Release|iPhone = Release|iPhone
		Release|iPhoneSimulator = Release|iPhoneSimulator
	EndGlobalSection
	GlobalSection(ProjectConfigurationPlatforms) = postSolution
		{EEA8EF28-E3BD-4844-8A51-AE5EF9EB763C}.Ad-Hoc|Any CPU.ActiveCfg = Release|Any CPU
		{EEA8EF28-E3BD-4844-8A51-AE5EF9EB763C}.Ad-Hoc|Any CPU.Build.0 = Release|Any CPU
		{EEA8EF28-E3BD-4844-8A51-AE5EF9EB763C}.Ad-Hoc|Any CPU.Deploy.0 = Release|Any CPU
		{EEA8EF28-E3BD-4844-8A51-AE5EF9EB763C}.Ad-Hoc|iPhone.ActiveCfg = Release|Any CPU
		{EEA8EF28-E3BD-4844-8A51-AE5EF9EB763C}.Ad-Hoc|iPhone.Build.0 = Release|Any CPU
		{EEA8EF28-E3BD-4844-8A51-AE5EF9EB763C}.Ad-Hoc|iPhone.Deploy.0 = Release|Any CPU
		{EEA8EF28-E3BD-4844-8A51-AE5EF9EB763C}.Ad-Hoc|iPhoneSimulator.ActiveCfg = Release|Any CPU
		{EEA8EF28-E3BD-4844-8A51-AE5EF9EB763C}.Ad-Hoc|iPhoneSimulator.Build.0 = Release|Any CPU
		{EEA8EF28-E3BD-4844-8A51-AE5EF9EB763C}.Ad-Hoc|iPhoneSimulator.Deploy.0 = Release|Any CPU
		{EEA8EF28-E3BD-4844-8A51-AE5EF9EB763C}.AppStore|Any CPU.ActiveCfg = Release|Any CPU
		{EEA8EF28-E3BD-4844-8A51-AE5EF9EB763C}.AppStore|Any CPU.Build.0 = Release|Any CPU
		{EEA8EF28-E3BD-4844-8A51-AE5EF9EB763C}.AppStore|Any CPU.Deploy.0 = Release|Any CPU
		{EEA8EF28-E3BD-4844-8A51-AE5EF9EB763C}.AppStore|iPhone.ActiveCfg = Release|Any CPU
		{EEA8EF28-E3BD-4844-8A51-AE5EF9EB763C}.AppStore|iPhone.Build.0 = Release|Any CPU
		{EEA8EF28-E3BD-4844-8A51-AE5EF9EB763C}.AppStore|iPhone.Deploy.0 = Release|Any CPU
		{EEA8EF28-E3BD-4844-8A51-AE5EF9EB763C}.AppStore|iPhoneSimulator.ActiveCfg = Release|Any CPU
		{EEA8EF28-E3BD-4844-8A51-AE5EF9EB763C}.AppStore|iPhoneSimulator.Build.0 = Release|Any CPU
		{EEA8EF28-E3BD-4844-8A51-AE5EF9EB763C}.AppStore|iPhoneSimulator.Deploy.0 = Release|Any CPU
		{EEA8EF28-E3BD-4844-8A51-AE5EF9EB763C}.Debug|Any CPU.ActiveCfg = Debug|Any CPU
		{EEA8EF28-E3BD-4844-8A51-AE5EF9EB763C}.Debug|Any CPU.Build.0 = Debug|Any CPU
		{EEA8EF28-E3BD-4844-8A51-AE5EF9EB763C}.Debug|Any CPU.Deploy.0 = Debug|Any CPU
		{EEA8EF28-E3BD-4844-8A51-AE5EF9EB763C}.Debug|iPhone.ActiveCfg = Debug|Any CPU
		{EEA8EF28-E3BD-4844-8A51-AE5EF9EB763C}.Debug|iPhone.Build.0 = Debug|Any CPU
		{EEA8EF28-E3BD-4844-8A51-AE5EF9EB763C}.Debug|iPhone.Deploy.0 = Debug|Any CPU
		{EEA8EF28-E3BD-4844-8A51-AE5EF9EB763C}.Debug|iPhoneSimulator.ActiveCfg = Debug|Any CPU
		{EEA8EF28-E3BD-4844-8A51-AE5EF9EB763C}.Debug|iPhoneSimulator.Build.0 = Debug|Any CPU
		{EEA8EF28-E3BD-4844-8A51-AE5EF9EB763C}.Debug|iPhoneSimulator.Deploy.0 = Debug|Any CPU
		{EEA8EF28-E3BD-4844-8A51-AE5EF9EB763C}.Release|Any CPU.ActiveCfg = Release|Any CPU
		{EEA8EF28-E3BD-4844-8A51-AE5EF9EB763C}.Release|Any CPU.Build.0 = Release|Any CPU
		{EEA8EF28-E3BD-4844-8A51-AE5EF9EB763C}.Release|Any CPU.Deploy.0 = Release|Any CPU
		{EEA8EF28-E3BD-4844-8A51-AE5EF9EB763C}.Release|iPhone.ActiveCfg = Release|Any CPU
		{EEA8EF28-E3BD-4844-8A51-AE5EF9EB763C}.Release|iPhone.Build.0 = Release|Any CPU
		{EEA8EF28-E3BD-4844-8A51-AE5EF9EB763C}.Release|iPhone.Deploy.0 = Release|Any CPU
		{EEA8EF28-E3BD-4844-8A51-AE5EF9EB763C}.Release|iPhoneSimulator.ActiveCfg = Release|Any CPU
		{EEA8EF28-E3BD-4844-8A51-AE5EF9EB763C}.Release|iPhoneSimulator.Build.0 = Release|Any CPU
		{EEA8EF28-E3BD-4844-8A51-AE5EF9EB763C}.Release|iPhoneSimulator.Deploy.0 = Release|Any CPU
		{55C36DCE-D26D-4EA7-80C4-5F3BB445C516}.Ad-Hoc|Any CPU.ActiveCfg = Release|Any CPU
		{55C36DCE-D26D-4EA7-80C4-5F3BB445C516}.Ad-Hoc|Any CPU.Build.0 = Release|Any CPU
		{55C36DCE-D26D-4EA7-80C4-5F3BB445C516}.Ad-Hoc|iPhone.ActiveCfg = Release|Any CPU
		{55C36DCE-D26D-4EA7-80C4-5F3BB445C516}.Ad-Hoc|iPhone.Build.0 = Release|Any CPU
		{55C36DCE-D26D-4EA7-80C4-5F3BB445C516}.Ad-Hoc|iPhoneSimulator.ActiveCfg = Release|Any CPU
		{55C36DCE-D26D-4EA7-80C4-5F3BB445C516}.Ad-Hoc|iPhoneSimulator.Build.0 = Release|Any CPU
		{55C36DCE-D26D-4EA7-80C4-5F3BB445C516}.AppStore|Any CPU.ActiveCfg = Release|Any CPU
		{55C36DCE-D26D-4EA7-80C4-5F3BB445C516}.AppStore|Any CPU.Build.0 = Release|Any CPU
		{55C36DCE-D26D-4EA7-80C4-5F3BB445C516}.AppStore|iPhone.ActiveCfg = Release|Any CPU
		{55C36DCE-D26D-4EA7-80C4-5F3BB445C516}.AppStore|iPhone.Build.0 = Release|Any CPU
		{55C36DCE-D26D-4EA7-80C4-5F3BB445C516}.AppStore|iPhoneSimulator.ActiveCfg = Release|Any CPU
		{55C36DCE-D26D-4EA7-80C4-5F3BB445C516}.AppStore|iPhoneSimulator.Build.0 = Release|Any CPU
		{55C36DCE-D26D-4EA7-80C4-5F3BB445C516}.Debug|Any CPU.ActiveCfg = Debug|Any CPU
		{55C36DCE-D26D-4EA7-80C4-5F3BB445C516}.Debug|Any CPU.Build.0 = Debug|Any CPU
		{55C36DCE-D26D-4EA7-80C4-5F3BB445C516}.Debug|iPhone.ActiveCfg = Debug|Any CPU
		{55C36DCE-D26D-4EA7-80C4-5F3BB445C516}.Debug|iPhone.Build.0 = Debug|Any CPU
		{55C36DCE-D26D-4EA7-80C4-5F3BB445C516}.Debug|iPhoneSimulator.ActiveCfg = Debug|Any CPU
		{55C36DCE-D26D-4EA7-80C4-5F3BB445C516}.Debug|iPhoneSimulator.Build.0 = Debug|Any CPU
		{55C36DCE-D26D-4EA7-80C4-5F3BB445C516}.Release|Any CPU.ActiveCfg = Release|Any CPU
		{55C36DCE-D26D-4EA7-80C4-5F3BB445C516}.Release|Any CPU.Build.0 = Release|Any CPU
		{55C36DCE-D26D-4EA7-80C4-5F3BB445C516}.Release|iPhone.ActiveCfg = Release|Any CPU
		{55C36DCE-D26D-4EA7-80C4-5F3BB445C516}.Release|iPhone.Build.0 = Release|Any CPU
		{55C36DCE-D26D-4EA7-80C4-5F3BB445C516}.Release|iPhoneSimulator.ActiveCfg = Release|Any CPU
		{55C36DCE-D26D-4EA7-80C4-5F3BB445C516}.Release|iPhoneSimulator.Build.0 = Release|Any CPU
	EndGlobalSection
	GlobalSection(SolutionProperties) = preSolution
		HideSolutionNode = FALSE
	EndGlobalSection
EndGlobal
